<?xml version="1.0" encoding="utf-8"?>
<Project ToolsVersion="4.0" xmlns="http://schemas.microsoft.com/developer/msbuild/2003">
  <ItemGroup>
    <Filter Include="Source Files">
      <UniqueIdentifier>{4FC737F1-C7A5-4376-A066-2A32D752A2FF}</UniqueIdentifier>
      <Extensions>cpp;c;cc;cxx;def;odl;idl;hpj;bat;asm;asmx</Extensions>
    </Filter>
    <Filter Include="Header Files">
      <UniqueIdentifier>{93995380-89BD-4b04-88EB-625FBE52EBFB}</UniqueIdentifier>
      <Extensions>h;hpp;hxx;hm;inl;inc;xsd</Extensions>
    </Filter>
    <Filter Include="Resource Files">
      <UniqueIdentifier>{67DA6AB6-F800-4c08-8B7A-83BB121AAD01}</UniqueIdentifier>
      <Extensions>rc;ico;cur;bmp;dlg;rc2;rct;bin;rgs;gif;jpg;jpeg;jpe;resx;tiff;tif;png;wav;mfcribbon-ms</Extensions>
    </Filter>
    <Filter Include="Creo Registry File">
      <UniqueIdentifier>{2fd809d0-1a3c-444e-9b9d-4b2893c2dada}</UniqueIdentifier>
    </Filter>
  </ItemGroup>
  <ItemGroup>
    <Text Include="ReadMe.txt" />
  </ItemGroup>
  <ItemGroup>
    <ClInclude Include="CommonInc.h">
      <Filter>Header Files</Filter>
    </ClInclude>
    <ClInclude Include="..\common\CommonTypes.h">
      <Filter>Header Files</Filter>
    </ClInclude>
    <ClInclude Include="OtkXUtils.h">
      <Filter>Header Files</Filter>
    </ClInclude>
    <ClInclude Include="resource.h">
      <Filter>Header Files</Filter>
    </ClInclude>
    <ClInclude Include="RPMDirectoryMgr.h">
      <Filter>Header Files</Filter>
    </ClInclude>
    <ClInclude Include="UsageController.h">
      <Filter>Header Files</Filter>
    </ClInclude>
    <ClInclude Include="ProtectController.h">
      <Filter>Header Files</Filter>
    </ClInclude>
    <ClInclude Include="OtkXHooks.h">
      <Filter>Header Files</Filter>
    </ClInclude>
    <ClInclude Include="OtkXTypes.h">
      <Filter>Header Files</Filter>
    </ClInclude>
    <ClInclude Include="..\common\DelayLoadDllHlp.h">
      <Filter>Header Files</Filter>
    </ClInclude>
    <ClInclude Include="ProtectJob.h">
      <Filter>Header Files</Filter>
    </ClInclude>
    <ClInclude Include="..\..\CADRMXCommon\RMXUtils.h">
      <Filter>Header Files</Filter>
    </ClInclude>
    <ClInclude Include="..\..\CADRMXCommon\PathEx.h">
      <Filter>Header Files</Filter>
    </ClInclude>
    <ClInclude Include="..\..\CADRMXCommon\SysErrorMessage.h">
      <Filter>Header Files</Filter>
    </ClInclude>
    <ClInclude Include="..\..\CADRMXCommon\RMXLogger.h">
      <Filter>Header Files</Filter>
    </ClInclude>
    <ClInclude Include="WatermarkController.h">
      <Filter>Header Files</Filter>
    </ClInclude>
    <ClInclude Include="..\common\CreoRMXLogger.h">
      <Filter>Header Files</Filter>
    </ClInclude>
    <ClInclude Include="OtkXModel.h">
      <Filter>Header Files</Filter>
    </ClInclude>
    <ClInclude Include="..\..\CADRMXCommon\RegKeyEntry.h">
      <Filter>Header Files</Filter>
    </ClInclude>
    <ClInclude Include="OtkXSessionCache.h">
      <Filter>Header Files</Filter>
    </ClInclude>
    <ClInclude Include="CustomizeUsageControl.h">
      <Filter>Header Files</Filter>
    </ClInclude>
  </ItemGroup>
  <ItemGroup>
    <ClCompile Include="main.cpp">
      <Filter>Source Files</Filter>
    </ClCompile>
    <ClCompile Include="RPMDirectoryMgr.cpp">
      <Filter>Source Files</Filter>
    </ClCompile>
    <ClCompile Include="UsageController.cpp">
      <Filter>Source Files</Filter>
    </ClCompile>
    <ClCompile Include="ProtectController.cpp">
      <Filter>Source Files</Filter>
    </ClCompile>
    <ClCompile Include="OtkXUtils.cpp">
      <Filter>Source Files</Filter>
    </ClCompile>
    <ClCompile Include="OtkXHooks.cpp">
      <Filter>Source Files</Filter>
    </ClCompile>
    <ClCompile Include="..\common\DelayLoadDllHlp.cpp">
      <Filter>Source Files</Filter>
    </ClCompile>
    <ClCompile Include="ProtectJob.cpp">
      <Filter>Source Files</Filter>
    </ClCompile>
    <ClCompile Include="..\..\CADRMXCommon\RMXUtils.cpp">
      <Filter>Source Files</Filter>
    </ClCompile>
    <ClCompile Include="..\..\CADRMXCommon\PathEx.cpp">
      <Filter>Source Files</Filter>
    </ClCompile>
    <ClCompile Include="WatermarkController.cpp">
      <Filter>Source Files</Filter>
    </ClCompile>
    <ClCompile Include="OtkXModel.cpp">
      <Filter>Source Files</Filter>
    </ClCompile>
    <ClCompile Include="..\..\CADRMXCommon\RegKeyEntry.cpp">
      <Filter>Source Files</Filter>
    </ClCompile>
    <ClCompile Include="OtkXSessionCache.cpp">
      <Filter>Source Files</Filter>
    </ClCompile>
    <ClCompile Include="CustomizeUsageControl.cpp">
      <Filter>Source Files</Filter>
    </ClCompile>
  </ItemGroup>
  <ItemGroup>
    <ResourceCompile Include="VersionInfo.rc">
      <Filter>Resource Files</Filter>
    </ResourceCompile>
  </ItemGroup>
  <ItemGroup>
    <None Include="creotk_3.0.dat">
      <Filter>Creo Registry File</Filter>
    </None>
  </ItemGroup>
</Project>