<?xml version="1.0" encoding="utf-8"?>
<Project ToolsVersion="4.0" xmlns="http://schemas.microsoft.com/developer/msbuild/2003">
  <ItemGroup>
    <Filter Include="Source Files">
      <UniqueIdentifier>{4FC737F1-C7A5-4376-A066-2A32D752A2FF}</UniqueIdentifier>
      <Extensions>cpp;c;cc;cxx;def;odl;idl;hpj;bat;asm;asmx</Extensions>
    </Filter>
    <Filter Include="Header Files">
      <UniqueIdentifier>{93995380-89BD-4b04-88EB-625FBE52EBFB}</UniqueIdentifier>
      <Extensions>h;hpp;hxx;hm;inl;inc;xsd</Extensions>
    </Filter>
    <Filter Include="Resource Files">
      <UniqueIdentifier>{67DA6AB6-F800-4c08-8B7A-83BB121AAD01}</UniqueIdentifier>
      <Extensions>rc;ico;cur;bmp;dlg;rc2;rct;bin;rgs;gif;jpg;jpeg;jpe;resx;tiff;tif;png;wav</Extensions>
    </Filter>
  </ItemGroup>
  <ItemGroup>
    <ClCompile Include="src\nxl_auto_protect_handler.c">
      <Filter>Source Files</Filter>
    </ClCompile>
    <ClCompile Include="src\nxl_set_toolused.c">
      <Filter>Source Files</Filter>
    </ClCompile>
    <ClCompile Include="src\NxlAutoProtect_register.c">
      <Filter>Source Files</Filter>
    </ClCompile>
    <ClCompile Include="src\tc_utils.c">
      <Filter>Source Files</Filter>
    </ClCompile>
    <ClCompile Include="src\dce_evaluator.c">
      <Filter>Source Files</Filter>
    </ClCompile>
    <ClCompile Include="src\dce_translator.c">
      <Filter>Source Files</Filter>
    </ClCompile>
    <ClCompile Include="src\dce_dlp.c">
      <Filter>Source Files</Filter>
    </ClCompile>
    <ClCompile Include="src\dce_checkin_handler.c">
      <Filter>Source Files</Filter>
    </ClCompile>
    <ClCompile Include="src\nxl_action_handler.c">
      <Filter>Source Files</Filter>
    </ClCompile>
    <ClCompile Include="src\metadatasync_to_dataset_on_import.c">
      <Filter>Source Files</Filter>
    </ClCompile>
    <ClCompile Include="src\metadatasync_on_license_changed.c">
      <Filter>Source Files</Filter>
    </ClCompile>
    <ClCompile Include="src\nxl_secure_data.c">
      <Filter>Source Files</Filter>
    </ClCompile>
    <ClCompile Include="src\FSCNativeClientProxy.c">
      <Filter>Source Files</Filter>
    </ClCompile>
    <ClCompile Include="src\RefreshDUID.c">
      <Filter>Source Files</Filter>
    </ClCompile>
  </ItemGroup>
  <ItemGroup>
    <ClInclude Include="include\dce_log.h">
      <Filter>Header Files</Filter>
    </ClInclude>
    <ClInclude Include="include\nxl_auto_protect.h">
      <Filter>Header Files</Filter>
    </ClInclude>
    <ClInclude Include="include\nxl_auto_protect_exports.h">
      <Filter>Header Files</Filter>
    </ClInclude>
    <ClInclude Include="include\tc_utils.h">
      <Filter>Header Files</Filter>
    </ClInclude>
    <ClInclude Include="include\dce_evaluator.h">
      <Filter>Header Files</Filter>
    </ClInclude>
    <ClInclude Include="include\dce_translator.h">
      <Filter>Header Files</Filter>
    </ClInclude>
    <ClInclude Include="include\dce_mem.h">
      <Filter>Header Files</Filter>
    </ClInclude>
    <ClInclude Include="include\dce_prefs.h">
      <Filter>Header Files</Filter>
    </ClInclude>
    <ClInclude Include="include\dce_dlp.h">
      <Filter>Header Files</Filter>
    </ClInclude>
    <ClInclude Include="include\nxl_action_handler.h">
      <Filter>Header Files</Filter>
    </ClInclude>
    <ClInclude Include="include\nxl_secure_data.h">
      <Filter>Header Files</Filter>
    </ClInclude>
    <ClInclude Include="include\FSCNativeClientProxy.h">
      <Filter>Header Files</Filter>
    </ClInclude>
  </ItemGroup>
  <ItemGroup>
    <ResourceCompile Include="..\DllInfo.rc">
      <Filter>Resource Files</Filter>
    </ResourceCompile>
  </ItemGroup>
</Project>