<?xml version="1.0" encoding="utf-8"?>
<Project ToolsVersion="4.0" xmlns="http://schemas.microsoft.com/developer/msbuild/2003">
  <ItemGroup>
    <Filter Include="Source Files">
      <UniqueIdentifier>{4FC737F1-C7A5-4376-A066-2A32D752A2FF}</UniqueIdentifier>
      <Extensions>cpp;c;cc;cxx;def;odl;idl;hpj;bat;asm;asmx</Extensions>
    </Filter>
    <Filter Include="Header Files">
      <UniqueIdentifier>{93995380-89BD-4b04-88EB-625FBE52EBFB}</UniqueIdentifier>
      <Extensions>h;hh;hpp;hxx;hm;inl;inc;xsd</Extensions>
    </Filter>
    <Filter Include="Resource Files">
      <UniqueIdentifier>{67DA6AB6-F800-4c08-8B7A-83BB121AAD01}</UniqueIdentifier>
      <Extensions>rc;ico;cur;bmp;dlg;rc2;rct;bin;rgs;gif;jpg;jpeg;jpe;resx;tiff;tif;png;wav;mfcribbon-ms</Extensions>
    </Filter>
    <Filter Include="Header Files\internals">
      <UniqueIdentifier>{df93b128-3d27-46b3-a73c-dbca7df1018a}</UniqueIdentifier>
    </Filter>
  </ItemGroup>
  <ItemGroup>
    <Text Include="ReadMe.txt" />
  </ItemGroup>
  <ItemGroup>
    <ClInclude Include="stdafx.h">
      <Filter>Header Files</Filter>
    </ClInclude>
    <ClInclude Include="targetver.h">
      <Filter>Header Files</Filter>
    </ClInclude>
    <ClInclude Include="RPMUtils.h">
      <Filter>Header Files</Filter>
    </ClInclude>
    <ClInclude Include="internals\Utilities.h">
      <Filter>Header Files\internals</Filter>
    </ClInclude>
    <ClInclude Include="internals\RPMSessionImpl.h">
      <Filter>Header Files\internals</Filter>
    </ClInclude>
    <ClInclude Include="internals\NxlMetadataPriorities.h">
      <Filter>Header Files\internals</Filter>
    </ClInclude>
    <ClInclude Include="..\..\..\CADRMXCommon\RMXTagHlp.h">
      <Filter>Header Files</Filter>
    </ClInclude>
    <ClInclude Include="internals\NxlMetadataCollectionImpl.h">
      <Filter>Header Files\internals</Filter>
    </ClInclude>
    <ClInclude Include="..\NxlUtils\utils_log4cpp.hpp">
      <Filter>Header Files</Filter>
    </ClInclude>
    <ClInclude Include="..\NxlUtils\NxlHelper.exe.hpp">
      <Filter>Header Files</Filter>
    </ClInclude>
    <ClInclude Include="..\NxlUtils\NxlTool.hpp">
      <Filter>Header Files</Filter>
    </ClInclude>
    <ClInclude Include="..\NxlUtils\NxlString.hpp">
      <Filter>Header Files</Filter>
    </ClInclude>
  </ItemGroup>
  <ItemGroup>
    <ClCompile Include="stdafx.cpp">
      <Filter>Source Files</Filter>
    </ClCompile>
    <ClCompile Include="dllmain.cpp">
      <Filter>Source Files</Filter>
    </ClCompile>
    <ClCompile Include="RPMSession.cpp">
      <Filter>Source Files</Filter>
    </ClCompile>
    <ClCompile Include="ResultInfo.cpp">
      <Filter>Source Files</Filter>
    </ClCompile>
    <ClCompile Include="NxlMetadataCollection.cpp">
      <Filter>Source Files</Filter>
    </ClCompile>
    <ClCompile Include="..\..\..\CADRMXCommon\RMXTagHlp.cpp">
      <Filter>Source Files</Filter>
    </ClCompile>
    <ClCompile Include="..\..\..\CADRMXCommon\RMXUtils.cpp">
      <Filter>Source Files</Filter>
    </ClCompile>
    <ClCompile Include="..\..\..\CADRMXCommon\RMXViewOverlay.cpp">
      <Filter>Source Files</Filter>
    </ClCompile>
    <ClCompile Include="..\..\..\CADRMXCommon\RPMCommonDialogWrapper.hpp">
      <Filter>Header Files</Filter>
    </ClCompile>
    <ClCompile Include="RMXUI.cpp">
      <Filter>Source Files</Filter>
    </ClCompile>
  </ItemGroup>
  <ItemGroup>
    <ResourceCompile Include="..\DllInfo.rc">
      <Filter>Resource Files</Filter>
    </ResourceCompile>
  </ItemGroup>
</Project>