<?xml version="1.0" encoding="utf-8"?>
<Project ToolsVersion="4.0" xmlns="http://schemas.microsoft.com/developer/msbuild/2003">
  <ItemGroup>
    <Filter Include="Source Files">
      <UniqueIdentifier>{4FC737F1-C7A5-4376-A066-2A32D752A2FF}</UniqueIdentifier>
      <Extensions>cpp;c;cc;cxx;c++;cppm;ixx;def;odl;idl;hpj;bat;asm;asmx</Extensions>
    </Filter>
    <Filter Include="Header Files">
      <UniqueIdentifier>{93995380-89BD-4b04-88EB-625FBE52EBFB}</UniqueIdentifier>
      <Extensions>h;hh;hpp;hxx;h++;hm;inl;inc;ipp;xsd</Extensions>
    </Filter>
    <Filter Include="Resource Files">
      <UniqueIdentifier>{67DA6AB6-F800-4c08-8B7A-83BB121AAD01}</UniqueIdentifier>
      <Extensions>rc;ico;cur;bmp;dlg;rc2;rct;bin;rgs;gif;jpg;jpeg;jpe;resx;tiff;tif;png;wav;mfcribbon-ms</Extensions>
    </Filter>
    <Filter Include="Hook">
      <UniqueIdentifier>{5ad254d2-3862-4481-9963-3a125c3b8414}</UniqueIdentifier>
    </Filter>
  </ItemGroup>
  <ItemGroup>
    <ClCompile Include="StdAfx.cpp">
      <Filter>Source Files</Filter>
    </ClCompile>
    <ClCompile Include="DocData.cpp">
      <Filter>Source Files</Filter>
    </ClCompile>
    <ClCompile Include="acrxEntryPoint.cpp">
      <Filter>Source Files</Filter>
    </ClCompile>
    <ClCompile Include="AutoCADRMX.cpp">
      <Filter>Source Files</Filter>
    </ClCompile>
    <ClCompile Include="..\..\CADRMXCommon\PathEx.cpp">
      <Filter>Source Files</Filter>
    </ClCompile>
    <ClCompile Include="..\..\CADRMXCommon\RMXUtils.cpp">
      <Filter>Source Files</Filter>
    </ClCompile>
    <ClCompile Include="..\common\DelayLoadDllHlp.cpp">
      <Filter>Source Files</Filter>
    </ClCompile>
    <ClCompile Include="AcRMXAccessControl.cpp">
      <Filter>Source Files</Filter>
    </ClCompile>
    <ClCompile Include="AcRMXApDocReactor.cpp">
      <Filter>Source Files</Filter>
    </ClCompile>
    <ClCompile Include="AcRMXUtils.cpp">
      <Filter>Source Files</Filter>
    </ClCompile>
    <ClCompile Include="AcRMXEditorReactor.cpp">
      <Filter>Source Files</Filter>
    </ClCompile>
    <ClCompile Include="AcRMXWatermarkControl.cpp">
      <Filter>Source Files</Filter>
    </ClCompile>
    <ClCompile Include="AcRXMProtectControl.cpp">
      <Filter>Source Files</Filter>
    </ClCompile>
    <ClCompile Include="ProtectJob.cpp">
      <Filter>Source Files</Filter>
    </ClCompile>
    <ClCompile Include="AcRMXSessionCacheMgr.cpp">
      <Filter>Source Files</Filter>
    </ClCompile>
    <ClCompile Include="AcRMXHooks.cpp">
      <Filter>Hook</Filter>
    </ClCompile>
    <ClCompile Include="AcRMXPublishReactor.cpp">
      <Filter>Source Files</Filter>
    </ClCompile>
    <ClCompile Include="AcRMXRPMDirMgr.cpp">
      <Filter>Source Files</Filter>
    </ClCompile>
    <ClCompile Include="..\..\CADRMXCommon\RegKeyEntry.cpp">
      <Filter>Source Files</Filter>
    </ClCompile>
    <ClCompile Include="AcRMXLib.cpp">
      <Filter>Source Files</Filter>
    </ClCompile>
  </ItemGroup>
  <ItemGroup>
    <ClInclude Include="StdAfx.h">
      <Filter>Header Files</Filter>
    </ClInclude>
    <ClInclude Include="DocData.h">
      <Filter>Header Files</Filter>
    </ClInclude>
    <ClInclude Include="Resource.h">
      <Filter>Header Files</Filter>
    </ClInclude>
    <ClInclude Include="..\..\CADRMXCommon\PathEx.h">
      <Filter>Header Files</Filter>
    </ClInclude>
    <ClInclude Include="..\..\CADRMXCommon\RMXUtils.h">
      <Filter>Header Files</Filter>
    </ClInclude>
    <ClInclude Include="..\common\CommonTypes.h">
      <Filter>Header Files</Filter>
    </ClInclude>
    <ClInclude Include="..\common\DelayLoadDllHlp.h">
      <Filter>Header Files</Filter>
    </ClInclude>
    <ClInclude Include="..\common\RMXLogInc.h">
      <Filter>Header Files</Filter>
    </ClInclude>
    <ClInclude Include="AcRMXAccessControl.h">
      <Filter>Header Files</Filter>
    </ClInclude>
    <ClInclude Include="AcInc.h">
      <Filter>Header Files</Filter>
    </ClInclude>
    <ClInclude Include="AcRMXApDocReactor.h">
      <Filter>Header Files</Filter>
    </ClInclude>
    <ClInclude Include="AcRMXUtils.h">
      <Filter>Header Files</Filter>
    </ClInclude>
    <ClInclude Include="AcRMXTypes.h">
      <Filter>Header Files</Filter>
    </ClInclude>
    <ClInclude Include="AcRMXEditorReactor.h">
      <Filter>Header Files</Filter>
    </ClInclude>
    <ClInclude Include="AcRMXWatermarkControl.h">
      <Filter>Header Files</Filter>
    </ClInclude>
    <ClInclude Include="AcRXMProtectControl.h">
      <Filter>Header Files</Filter>
    </ClInclude>
    <ClInclude Include="ProtectJob.h">
      <Filter>Header Files</Filter>
    </ClInclude>
    <ClInclude Include="AcRMXSessionCacheMgr.h">
      <Filter>Header Files</Filter>
    </ClInclude>
    <ClInclude Include="HookDefs.h">
      <Filter>Hook</Filter>
    </ClInclude>
    <ClInclude Include="AcRMXHooks.h">
      <Filter>Hook</Filter>
    </ClInclude>
    <ClInclude Include="AcRMXPublishReactor.h">
      <Filter>Header Files</Filter>
    </ClInclude>
    <ClInclude Include="AcRMXRPMDirMgr.h">
      <Filter>Header Files</Filter>
    </ClInclude>
    <ClInclude Include="..\..\CADRMXCommon\RegKeyEntry.h">
      <Filter>Header Files</Filter>
    </ClInclude>
    <ClInclude Include="AcRMXLib.h">
      <Filter>Header Files</Filter>
    </ClInclude>
  </ItemGroup>
  <ItemGroup>
    <ResourceCompile Include="AutoCADRMX.rc">
      <Filter>Resource Files</Filter>
    </ResourceCompile>
  </ItemGroup>
  <ItemGroup>
    <Text Include="ReadMe.txt" />
  </ItemGroup>
</Project>