
Microsoft Visual Studio Solution File, Format Version 12.00
# Visual Studio Version 16
VisualStudioVersion = 16.0.31410.357
MinimumVisualStudioVersion = 10.0.40219.1
Project("{8BC9CEB8-8B4A-11D0-8D11-00A0C91BC942}") = "LibRMX", "LibRMX\LibRMX.vcxproj", "{7E009A49-7318-44C3-A79F-145FFCF99859}"
EndProject
Project("{8BC9CEB8-8B4A-11D0-8D11-00A0C91BC942}") = "AutoCADRMX", "AutoCADRMX\AutoCADRMX.vcxproj", "{F87873B0-2B5D-4D52-8FD5-BE1CDC50B2E3}"
	ProjectSection(ProjectDependencies) = postProject
		{7E009A49-7318-44C3-A79F-145FFCF99859} = {7E009A49-7318-44C3-A79F-145FFCF99859}
	EndProjectSection
EndProject
Project("{2150E333-8FDC-42A3-9474-1A3956D46DE8}") = "Build", "Build", "{C6693D70-2C8B-4CA5-8150-C8D89B052446}"
	ProjectSection(SolutionItems) = preProject
		Build\build_xlib.xml = Build\build_xlib.xml
		buildDev = buildDev
		buildPcv = buildPcv
		buildRelease = buildRelease
		configure = configure
		Build\Makefile.compile = Build\Makefile.compile
		Build\Makefile.publish = Build\Makefile.publish
		setEnv = setEnv
	EndProjectSection
EndProject
Project("{2150E333-8FDC-42A3-9474-1A3956D46DE8}") = "Config", "Config", "{6BFEF6E2-E839-46E2-96F7-6B2D8E33136F}"
	ProjectSection(SolutionItems) = preProject
		AutoCADRMX\acad.rx = AutoCADRMX\acad.rx
		common\log4cplus.properties = common\log4cplus.properties
	EndProjectSection
EndProject
Project("{8BC9CEB8-8B4A-11D0-8D11-00A0C91BC942}") = "rmxutility", "..\CADRMXCommon\rmxutility\rmxutility.vcxproj", "{565E41E7-D09F-4915-B382-6CCBB77F422F}"
EndProject
Global
	GlobalSection(SolutionConfigurationPlatforms) = preSolution
		Debug|x64 = Debug|x64
		Debug|x86 = Debug|x86
		Release|x64 = Release|x64
		Release|x86 = Release|x86
	EndGlobalSection
	GlobalSection(ProjectConfigurationPlatforms) = postSolution
		{7E009A49-7318-44C3-A79F-145FFCF99859}.Debug|x64.ActiveCfg = Debug|x64
		{7E009A49-7318-44C3-A79F-145FFCF99859}.Debug|x64.Build.0 = Debug|x64
		{7E009A49-7318-44C3-A79F-145FFCF99859}.Debug|x86.ActiveCfg = Debug|Win32
		{7E009A49-7318-44C3-A79F-145FFCF99859}.Debug|x86.Build.0 = Debug|Win32
		{7E009A49-7318-44C3-A79F-145FFCF99859}.Release|x64.ActiveCfg = Release|x64
		{7E009A49-7318-44C3-A79F-145FFCF99859}.Release|x64.Build.0 = Release|x64
		{7E009A49-7318-44C3-A79F-145FFCF99859}.Release|x86.ActiveCfg = Release|Win32
		{7E009A49-7318-44C3-A79F-145FFCF99859}.Release|x86.Build.0 = Release|Win32
		{F87873B0-2B5D-4D52-8FD5-BE1CDC50B2E3}.Debug|x64.ActiveCfg = Debug|x64
		{F87873B0-2B5D-4D52-8FD5-BE1CDC50B2E3}.Debug|x64.Build.0 = Debug|x64
		{F87873B0-2B5D-4D52-8FD5-BE1CDC50B2E3}.Debug|x86.ActiveCfg = Debug|x64
		{F87873B0-2B5D-4D52-8FD5-BE1CDC50B2E3}.Release|x64.ActiveCfg = Release|x64
		{F87873B0-2B5D-4D52-8FD5-BE1CDC50B2E3}.Release|x64.Build.0 = Release|x64
		{F87873B0-2B5D-4D52-8FD5-BE1CDC50B2E3}.Release|x86.ActiveCfg = Release|x64
		{565E41E7-D09F-4915-B382-6CCBB77F422F}.Debug|x64.ActiveCfg = Debug|x64
		{565E41E7-D09F-4915-B382-6CCBB77F422F}.Debug|x64.Build.0 = Debug|x64
		{565E41E7-D09F-4915-B382-6CCBB77F422F}.Debug|x86.ActiveCfg = Debug|x64
		{565E41E7-D09F-4915-B382-6CCBB77F422F}.Release|x64.ActiveCfg = Release|x64
		{565E41E7-D09F-4915-B382-6CCBB77F422F}.Release|x64.Build.0 = Release|x64
		{565E41E7-D09F-4915-B382-6CCBB77F422F}.Release|x86.ActiveCfg = Release|x64
	EndGlobalSection
	GlobalSection(SolutionProperties) = preSolution
		HideSolutionNode = FALSE
	EndGlobalSection
	GlobalSection(ExtensibilityGlobals) = postSolution
		SolutionGuid = {E6300FA2-171F-4DB4-9431-E2EAD233FD05}
	EndGlobalSection
EndGlobal
