<?xml version="1.0" encoding="utf-8"?>
<Project ToolsVersion="4.0" xmlns="http://schemas.microsoft.com/developer/msbuild/2003">
  <ItemGroup>
    <Filter Include="Source Files">
      <UniqueIdentifier>{4FC737F1-C7A5-4376-A066-2A32D752A2FF}</UniqueIdentifier>
      <Extensions>cpp;c;cc;cxx;def;odl;idl;hpj;bat;asm;asmx</Extensions>
    </Filter>
    <Filter Include="Header Files">
      <UniqueIdentifier>{93995380-89BD-4b04-88EB-625FBE52EBFB}</UniqueIdentifier>
      <Extensions>h;hh;hpp;hxx;hm;inl;inc;xsd</Extensions>
    </Filter>
    <Filter Include="Resource Files">
      <UniqueIdentifier>{67DA6AB6-F800-4c08-8B7A-83BB121AAD01}</UniqueIdentifier>
      <Extensions>rc;ico;cur;bmp;dlg;rc2;rct;bin;rgs;gif;jpg;jpeg;jpe;resx;tiff;tif;png;wav;mfcribbon-ms</Extensions>
    </Filter>
    <Filter Include="Header Files\External">
      <UniqueIdentifier>{773cfce0-5277-48e5-b615-5f64940d51f0}</UniqueIdentifier>
    </Filter>
  </ItemGroup>
  <ItemGroup>
    <Text Include="ReadMe.txt" />
  </ItemGroup>
  <ItemGroup>
    <ClInclude Include="stdafx.h">
      <Filter>Header Files</Filter>
    </ClInclude>
    <ClInclude Include="targetver.h">
      <Filter>Header Files</Filter>
    </ClInclude>
    <ClInclude Include="InternalTypeDef.h">
      <Filter>Header Files</Filter>
    </ClInclude>
    <ClInclude Include="External\RMXLInstance.h">
      <Filter>Header Files\External</Filter>
    </ClInclude>
    <ClInclude Include="External\RMXLTypeDef.h">
      <Filter>Header Files\External</Filter>
    </ClInclude>
    <ClInclude Include="External\RMXLUser.h">
      <Filter>Header Files\External</Filter>
    </ClInclude>
    <ClInclude Include="RMXLInstanceImpl.h">
      <Filter>Header Files</Filter>
    </ClInclude>
    <ClInclude Include="RMXLUserImpl.h">
      <Filter>Header Files</Filter>
    </ClInclude>
    <ClInclude Include="resource.h">
      <Filter>Header Files</Filter>
    </ClInclude>
    <ClInclude Include="RMXLLogger.h">
      <Filter>Header Files</Filter>
    </ClInclude>
    <ClInclude Include="External\RMXLInc.h">
      <Filter>Header Files\External</Filter>
    </ClInclude>
    <ClInclude Include="External\RMXLGlobal.h">
      <Filter>Header Files\External</Filter>
    </ClInclude>
    <ClInclude Include="..\..\CADRMXCommon\RMXUtils.h">
      <Filter>Header Files</Filter>
    </ClInclude>
    <ClInclude Include="..\..\CADRMXCommon\RMXViewOverlay.h">
      <Filter>Header Files</Filter>
    </ClInclude>
    <ClInclude Include="..\..\CADRMXCommon\RMXTagHlp.h">
      <Filter>Header Files</Filter>
    </ClInclude>
    <ClInclude Include="External\RMXLResult.h">
      <Filter>Header Files\External</Filter>
    </ClInclude>
    <ClInclude Include="RMXLResultEx.h">
      <Filter>Header Files</Filter>
    </ClInclude>
    <ClInclude Include="..\..\CADRMXCommon\PathEx.h">
      <Filter>Header Files</Filter>
    </ClInclude>
    <ClInclude Include="..\..\CADRMXCommon\SysErrorMessage.h">
      <Filter>Header Files</Filter>
    </ClInclude>
    <ClInclude Include="RMXNxlFile.h">
      <Filter>Header Files</Filter>
    </ClInclude>
  </ItemGroup>
  <ItemGroup>
    <ClCompile Include="stdafx.cpp">
      <Filter>Source Files</Filter>
    </ClCompile>
    <ClCompile Include="dllmain.cpp">
      <Filter>Source Files</Filter>
    </ClCompile>
    <ClCompile Include="RMXLInstanceImpl.cpp">
      <Filter>Source Files</Filter>
    </ClCompile>
    <ClCompile Include="RMXLUserImpl.cpp">
      <Filter>Source Files</Filter>
    </ClCompile>
    <ClCompile Include="RMXLGlobal.cpp">
      <Filter>Source Files</Filter>
    </ClCompile>
    <ClCompile Include="..\..\CADRMXCommon\RMXUtils.cpp">
      <Filter>Source Files</Filter>
    </ClCompile>
    <ClCompile Include="..\..\CADRMXCommon\RMXViewOverlay.cpp">
      <Filter>Source Files</Filter>
    </ClCompile>
    <ClCompile Include="..\..\CADRMXCommon\RMXTagHlp.cpp">
      <Filter>Source Files</Filter>
    </ClCompile>
    <ClCompile Include="RMXLResultEx.cpp">
      <Filter>Source Files</Filter>
    </ClCompile>
    <ClCompile Include="..\..\CADRMXCommon\PathEx.cpp">
      <Filter>Source Files</Filter>
    </ClCompile>
    <ClCompile Include="RMXNxlFile.cpp">
      <Filter>Source Files</Filter>
    </ClCompile>
  </ItemGroup>
  <ItemGroup>
    <ResourceCompile Include="versioninfo.rc">
      <Filter>Resource Files</Filter>
    </ResourceCompile>
  </ItemGroup>
  <ItemGroup>
    <None Include="ClassDiagram.cd" />
  </ItemGroup>
</Project>