<?xml version="1.0" encoding="utf-8"?>
<Project ToolsVersion="4.0" xmlns="http://schemas.microsoft.com/developer/msbuild/2003">
  <ItemGroup>
    <Filter Include="Source Files">
      <UniqueIdentifier>{7cae3483-3d33-477b-942f-96fc230830d9}</UniqueIdentifier>
      <Extensions>*.*</Extensions>
    </Filter>
    <Filter Include="Header Files">
      <UniqueIdentifier>{7b69844c-664d-47a4-8723-ea28ecfe529b}</UniqueIdentifier>
    </Filter>
    <Filter Include="Resource Files">
      <UniqueIdentifier>{eb5c7c0c-d981-42b2-9790-bad649fe58ae}</UniqueIdentifier>
    </Filter>
    <Filter Include="Generated Files">
      <UniqueIdentifier>{066e71c4-195e-4a78-ab47-08eb9939eaf4}</UniqueIdentifier>
    </Filter>
    <Filter Include="Config">
      <UniqueIdentifier>{7d0a5ba6-656a-4fdf-b2e8-896ec6467464}</UniqueIdentifier>
    </Filter>
  </ItemGroup>
  <ItemGroup>
    <ClCompile Include="DocView.cpp">
      <Filter>Source Files</Filter>
    </ClCompile>
    <ClCompile Include="SldWorksRMX.cpp">
      <Filter>Source Files</Filter>
    </ClCompile>
    <ClCompile Include="SldWorksRMX_module.cpp">
      <Filter>Source Files</Filter>
    </ClCompile>
    <ClCompile Include="stdafx.cpp">
      <Filter>Source Files</Filter>
    </ClCompile>
    <ClCompile Include="SwDocument.cpp">
      <Filter>Source Files</Filter>
    </ClCompile>
    <ClCompile Include="SldWorksRMX_i.c">
      <Filter>Generated Files</Filter>
    </ClCompile>
    <ClCompile Include="FileUtils.cpp">
      <Filter>Source Files</Filter>
    </ClCompile>
    <ClCompile Include="CommonUtils.cpp">
      <Filter>Source Files</Filter>
    </ClCompile>
    <ClCompile Include="SwHooks.cpp">
      <Filter>Source Files</Filter>
    </ClCompile>
    <ClCompile Include="SwFileTypes.cpp">
      <Filter>Source Files</Filter>
    </ClCompile>
    <ClCompile Include="SwUserAuthorization.cpp">
      <Filter>Source Files</Filter>
    </ClCompile>
    <ClCompile Include="SwRMXMgr.cpp">
      <Filter>Source Files</Filter>
    </ClCompile>
    <ClCompile Include="..\..\CADRMXCommon\RMXViewOverlay.cpp">
      <Filter>Source Files</Filter>
    </ClCompile>
    <ClCompile Include="..\..\CADRMXCommon\RMXUtils.cpp">
      <Filter>Source Files</Filter>
    </ClCompile>
    <ClCompile Include="..\..\CADRMXCommon\RMXTagHlp.cpp">
      <Filter>Source Files</Filter>
    </ClCompile>
    <ClCompile Include="SwUtils.cpp">
      <Filter>Source Files</Filter>
    </ClCompile>
    <ClCompile Include="SwRMXDialog.cpp">
      <Filter>Source Files</Filter>
    </ClCompile>
    <ClCompile Include="SwRMXServerSocket.cpp">
      <Filter>Source Files</Filter>
    </ClCompile>
    <ClCompile Include="SwRMXSwimInterface.cpp">
      <Filter>Source Files</Filter>
    </ClCompile>
    <ClCompile Include="SwRMXClientSocket.cpp">
      <Filter>Source Files</Filter>
    </ClCompile>
    <ClCompile Include="RegistryHelper.cpp">
      <Filter>Source Files</Filter>
    </ClCompile>
    <ClCompile Include="SwimXMLParser.cpp">
      <Filter>Source Files</Filter>
    </ClCompile>
    <ClCompile Include="SwViewOverlay.cpp">
      <Filter>Source Files</Filter>
    </ClCompile>
    <ClCompile Include="SwResult.cpp">
      <Filter>Source Files</Filter>
    </ClCompile>
    <ClCompile Include="SwWndHooks.cpp">
      <Filter>Source Files</Filter>
    </ClCompile>
    <ClCompile Include="SwimUtils.cpp">
      <Filter>Source Files</Filter>
    </ClCompile>
    <ClCompile Include="..\..\CADRMXCommon\PathEx.cpp">
      <Filter>Source Files</Filter>
    </ClCompile>
  </ItemGroup>
  <ItemGroup>
    <None Include="SldWorksRMX.def">
      <Filter>Source Files</Filter>
    </None>
    <None Include="DocView.rgs">
      <Filter>Resource Files</Filter>
    </None>
    <None Include="SldWorksRMX.rgs">
      <Filter>Resource Files</Filter>
    </None>
    <None Include="SwDocument.rgs">
      <Filter>Resource Files</Filter>
    </None>
    <None Include="..\common\log4cplus.properties">
      <Filter>Config</Filter>
    </None>
    <None Include="..\common\EnableSldWorksRMX.reg">
      <Filter>Config</Filter>
    </None>
  </ItemGroup>
  <ItemGroup>
    <Midl Include="SldWorksRMX.idl">
      <Filter>Source Files</Filter>
    </Midl>
  </ItemGroup>
  <ItemGroup>
    <ClInclude Include="DocView.h">
      <Filter>Header Files</Filter>
    </ClInclude>
    <ClInclude Include="resource.h">
      <Filter>Header Files</Filter>
    </ClInclude>
    <ClInclude Include="SldWorksRMX.h">
      <Filter>Header Files</Filter>
    </ClInclude>
    <ClInclude Include="stdafx.h">
      <Filter>Header Files</Filter>
    </ClInclude>
    <ClInclude Include="SwDocument.h">
      <Filter>Header Files</Filter>
    </ClInclude>
    <ClInclude Include="SldWorksRMX_i.h">
      <Filter>Generated Files</Filter>
    </ClInclude>
    <ClInclude Include="CommonUtils.h">
      <Filter>Header Files</Filter>
    </ClInclude>
    <ClInclude Include="SwHooks.h">
      <Filter>Header Files</Filter>
    </ClInclude>
    <ClInclude Include="SwFileTypes.h">
      <Filter>Header Files</Filter>
    </ClInclude>
    <ClInclude Include="SwUserAuthorization.h">
      <Filter>Header Files</Filter>
    </ClInclude>
    <ClInclude Include="SwRMXMgr.h">
      <Filter>Header Files</Filter>
    </ClInclude>
    <ClInclude Include="FileUtils.h">
      <Filter>Header Files</Filter>
    </ClInclude>
    <ClInclude Include="..\..\CADRMXCommon\RMXViewOverlay.h">
      <Filter>Header Files</Filter>
    </ClInclude>
    <ClInclude Include="..\..\CADRMXCommon\CADRMXTypeDef.h">
      <Filter>Header Files</Filter>
    </ClInclude>
    <ClInclude Include="..\..\CADRMXCommon\RMXUtils.h">
      <Filter>Header Files</Filter>
    </ClInclude>
    <ClInclude Include="..\..\CADRMXCommon\RMXTagHlp.h">
      <Filter>Header Files</Filter>
    </ClInclude>
    <ClInclude Include="SwUtils.h">
      <Filter>Header Files</Filter>
    </ClInclude>
    <ClInclude Include="SwRMXDialog.h">
      <Filter>Header Files</Filter>
    </ClInclude>
    <ClInclude Include="SwRMXServerSocket.h">
      <Filter>Header Files</Filter>
    </ClInclude>
    <ClInclude Include="SwRMXSwimInterface.h">
      <Filter>Header Files</Filter>
    </ClInclude>
    <ClInclude Include="SwRMXClientSocket.h">
      <Filter>Header Files</Filter>
    </ClInclude>
    <ClInclude Include="RegistryHelper.h">
      <Filter>Header Files</Filter>
    </ClInclude>
    <ClInclude Include="SwimXMLParser.h">
      <Filter>Header Files</Filter>
    </ClInclude>
    <ClInclude Include="..\common\SwRMXLogger.h">
      <Filter>Header Files</Filter>
    </ClInclude>
    <ClInclude Include="SwViewOverlay.h">
      <Filter>Header Files</Filter>
    </ClInclude>
    <ClInclude Include="SwResult.h">
      <Filter>Header Files</Filter>
    </ClInclude>
    <ClInclude Include="SwWndHooks.h">
      <Filter>Header Files</Filter>
    </ClInclude>
    <ClInclude Include="SwimUtils.h">
      <Filter>Header Files</Filter>
    </ClInclude>
    <ClInclude Include="..\..\CADRMXCommon\PathEx.h">
      <Filter>Header Files</Filter>
    </ClInclude>
    <ClInclude Include="..\..\CADRMXCommon\RPMCommonDialogWrapper.hpp">
      <Filter>Header Files</Filter>
    </ClInclude>
  </ItemGroup>
  <ItemGroup>
    <ResourceCompile Include="SldWorksRMX.rc">
      <Filter>Resource Files</Filter>
    </ResourceCompile>
  </ItemGroup>
  <ItemGroup>
    <Image Include="Resources\icons\toolbar_32.bmp" />
  </ItemGroup>
</Project>