
Microsoft Visual Studio Solution File, Format Version 12.00
# Visual Studio Version 16
VisualStudioVersion = 16.0.31729.503
MinimumVisualStudioVersion = 10.0.40219.1
Project("{8BC9CEB8-8B4A-11D0-8D11-00A0C91BC942}") = "NxlTcImportIntegration", "NxlTcImportIntegration\NxlTcImportIntegration.vcxproj", "{8A80F78D-48D5-4E51-9341-78AE7DD94336}"
EndProject
Project("{8BC9CEB8-8B4A-11D0-8D11-00A0C91BC942}") = "NXRMX2007", "NXIntegration\nx2007\NXRMX2007.vcxproj", "{BA256BC1-D8B5-44AC-AA70-D4B1C95A7118}"
EndProject
Project("{2150E333-8FDC-42A3-9474-1A3956D46DE8}") = "NX2007", "NX2007", "{8FD9B5E2-D050-4179-9BC0-B66AFEE8E90B}"
EndProject
Project("{2150E333-8FDC-42A3-9474-1A3956D46DE8}") = "NX1980", "NX1980", "{0D029B6B-F940-4B58-88B1-5C951AD7300A}"
EndProject
Project("{8BC9CEB8-8B4A-11D0-8D11-00A0C91BC942}") = "MiniRMX2007", "NXIntegration\nx2007\MiniRMX2007.vcxproj", "{F09C116D-29F8-4A13-8625-F7CDDD115634}"
EndProject
Project("{8BC9CEB8-8B4A-11D0-8D11-00A0C91BC942}") = "NXDRMIntegration2007", "NXIntegration\nx2007\NXDRMIntegration2007.vcxproj", "{FE81B504-5366-4E37-8548-B9108EFF5713}"
EndProject
Project("{2150E333-8FDC-42A3-9474-1A3956D46DE8}") = "NX12", "NX12", "{D0A119EB-0413-47BA-9951-DA5D8F7A7C57}"
EndProject
Project("{8BC9CEB8-8B4A-11D0-8D11-00A0C91BC942}") = "NXRMX1980", "NXIntegration\nx1980\NXRMX1980.vcxproj", "{98A44671-43F2-43DC-94E0-9884BFE92D55}"
EndProject
Project("{8BC9CEB8-8B4A-11D0-8D11-00A0C91BC942}") = "MiniRMX1980", "NXIntegration\nx1980\MiniRMX1980.vcxproj", "{BA21DEAE-8FEA-4A1D-B105-10CD5097D6C6}"
EndProject
Project("{8BC9CEB8-8B4A-11D0-8D11-00A0C91BC942}") = "NXRMX12", "NXIntegration\nx12\NXRMX12.vcxproj", "{85E2B48A-701B-4B47-93BD-EB70F1F87C3D}"
EndProject
Project("{8BC9CEB8-8B4A-11D0-8D11-00A0C91BC942}") = "MiniRMX12", "NXIntegration\nx12\MiniRMX12.vcxproj", "{FC795547-C0D5-4E16-AB1A-04DBEBFA5178}"
EndProject
Project("{2150E333-8FDC-42A3-9474-1A3956D46DE8}") = "NX1953", "NX1953", "{22C2D2AC-6876-4E88-9A9F-7D06379187B2}"
EndProject
Project("{8BC9CEB8-8B4A-11D0-8D11-00A0C91BC942}") = "MiniRMX1953", "NXIntegration\nx1953\MiniRMX1953.vcxproj", "{95B1C0D3-4367-421A-896B-E643A856907D}"
EndProject
Project("{8BC9CEB8-8B4A-11D0-8D11-00A0C91BC942}") = "NXRMX1953", "NXIntegration\nx1953\NXRMX1953.vcxproj", "{B440CA9C-C468-4A10-98A0-FE8A4F7F2B71}"
EndProject
Global
	GlobalSection(SolutionConfigurationPlatforms) = preSolution
		Debug|x64 = Debug|x64
		Debug|x86 = Debug|x86
		Release|x64 = Release|x64
		Release|x86 = Release|x86
	EndGlobalSection
	GlobalSection(ProjectConfigurationPlatforms) = postSolution
		{8A80F78D-48D5-4E51-9341-78AE7DD94336}.Debug|x64.ActiveCfg = Debug|x64
		{8A80F78D-48D5-4E51-9341-78AE7DD94336}.Debug|x64.Build.0 = Debug|x64
		{8A80F78D-48D5-4E51-9341-78AE7DD94336}.Debug|x86.ActiveCfg = Debug|x64
		{8A80F78D-48D5-4E51-9341-78AE7DD94336}.Release|x64.ActiveCfg = Release|x64
		{8A80F78D-48D5-4E51-9341-78AE7DD94336}.Release|x64.Build.0 = Release|x64
		{8A80F78D-48D5-4E51-9341-78AE7DD94336}.Release|x86.ActiveCfg = Release|x64
		{BA256BC1-D8B5-44AC-AA70-D4B1C95A7118}.Debug|x64.ActiveCfg = Debug|x64
		{BA256BC1-D8B5-44AC-AA70-D4B1C95A7118}.Debug|x64.Build.0 = Debug|x64
		{BA256BC1-D8B5-44AC-AA70-D4B1C95A7118}.Debug|x86.ActiveCfg = Debug|x64
		{BA256BC1-D8B5-44AC-AA70-D4B1C95A7118}.Release|x64.ActiveCfg = Release|x64
		{BA256BC1-D8B5-44AC-AA70-D4B1C95A7118}.Release|x64.Build.0 = Release|x64
		{BA256BC1-D8B5-44AC-AA70-D4B1C95A7118}.Release|x86.ActiveCfg = Release|x64
		{F09C116D-29F8-4A13-8625-F7CDDD115634}.Debug|x64.ActiveCfg = Debug|x64
		{F09C116D-29F8-4A13-8625-F7CDDD115634}.Debug|x64.Build.0 = Debug|x64
		{F09C116D-29F8-4A13-8625-F7CDDD115634}.Debug|x86.ActiveCfg = Debug|x64
		{F09C116D-29F8-4A13-8625-F7CDDD115634}.Release|x64.ActiveCfg = Release|x64
		{F09C116D-29F8-4A13-8625-F7CDDD115634}.Release|x64.Build.0 = Release|x64
		{F09C116D-29F8-4A13-8625-F7CDDD115634}.Release|x86.ActiveCfg = Release|x64
		{FE81B504-5366-4E37-8548-B9108EFF5713}.Debug|x64.ActiveCfg = Debug|x64
		{FE81B504-5366-4E37-8548-B9108EFF5713}.Debug|x64.Build.0 = Debug|x64
		{FE81B504-5366-4E37-8548-B9108EFF5713}.Debug|x86.ActiveCfg = Debug|x64
		{FE81B504-5366-4E37-8548-B9108EFF5713}.Release|x64.ActiveCfg = Release|x64
		{FE81B504-5366-4E37-8548-B9108EFF5713}.Release|x64.Build.0 = Release|x64
		{FE81B504-5366-4E37-8548-B9108EFF5713}.Release|x86.ActiveCfg = Release|x64
		{98A44671-43F2-43DC-94E0-9884BFE92D55}.Debug|x64.ActiveCfg = Debug|x64
		{98A44671-43F2-43DC-94E0-9884BFE92D55}.Debug|x64.Build.0 = Debug|x64
		{98A44671-43F2-43DC-94E0-9884BFE92D55}.Debug|x86.ActiveCfg = Debug|x64
		{98A44671-43F2-43DC-94E0-9884BFE92D55}.Release|x64.ActiveCfg = Release|x64
		{98A44671-43F2-43DC-94E0-9884BFE92D55}.Release|x64.Build.0 = Release|x64
		{98A44671-43F2-43DC-94E0-9884BFE92D55}.Release|x86.ActiveCfg = Release|x64
		{BA21DEAE-8FEA-4A1D-B105-10CD5097D6C6}.Debug|x64.ActiveCfg = Debug|x64
		{BA21DEAE-8FEA-4A1D-B105-10CD5097D6C6}.Debug|x64.Build.0 = Debug|x64
		{BA21DEAE-8FEA-4A1D-B105-10CD5097D6C6}.Debug|x86.ActiveCfg = Debug|x64
		{BA21DEAE-8FEA-4A1D-B105-10CD5097D6C6}.Release|x64.ActiveCfg = Release|x64
		{BA21DEAE-8FEA-4A1D-B105-10CD5097D6C6}.Release|x64.Build.0 = Release|x64
		{BA21DEAE-8FEA-4A1D-B105-10CD5097D6C6}.Release|x86.ActiveCfg = Release|x64
		{85E2B48A-701B-4B47-93BD-EB70F1F87C3D}.Debug|x64.ActiveCfg = Debug|x64
		{85E2B48A-701B-4B47-93BD-EB70F1F87C3D}.Debug|x64.Build.0 = Debug|x64
		{85E2B48A-701B-4B47-93BD-EB70F1F87C3D}.Debug|x86.ActiveCfg = Debug|x64
		{85E2B48A-701B-4B47-93BD-EB70F1F87C3D}.Release|x64.ActiveCfg = Release|x64
		{85E2B48A-701B-4B47-93BD-EB70F1F87C3D}.Release|x64.Build.0 = Release|x64
		{85E2B48A-701B-4B47-93BD-EB70F1F87C3D}.Release|x86.ActiveCfg = Release|x64
		{FC795547-C0D5-4E16-AB1A-04DBEBFA5178}.Debug|x64.ActiveCfg = Debug|x64
		{FC795547-C0D5-4E16-AB1A-04DBEBFA5178}.Debug|x64.Build.0 = Debug|x64
		{FC795547-C0D5-4E16-AB1A-04DBEBFA5178}.Debug|x86.ActiveCfg = Debug|x64
		{FC795547-C0D5-4E16-AB1A-04DBEBFA5178}.Release|x64.ActiveCfg = Release|x64
		{FC795547-C0D5-4E16-AB1A-04DBEBFA5178}.Release|x64.Build.0 = Release|x64
		{FC795547-C0D5-4E16-AB1A-04DBEBFA5178}.Release|x86.ActiveCfg = Release|x64
		{95B1C0D3-4367-421A-896B-E643A856907D}.Debug|x64.ActiveCfg = Debug|x64
		{95B1C0D3-4367-421A-896B-E643A856907D}.Debug|x64.Build.0 = Debug|x64
		{95B1C0D3-4367-421A-896B-E643A856907D}.Debug|x86.ActiveCfg = Debug|x64
		{95B1C0D3-4367-421A-896B-E643A856907D}.Release|x64.ActiveCfg = Release|x64
		{95B1C0D3-4367-421A-896B-E643A856907D}.Release|x64.Build.0 = Release|x64
		{95B1C0D3-4367-421A-896B-E643A856907D}.Release|x86.ActiveCfg = Release|x64
		{B440CA9C-C468-4A10-98A0-FE8A4F7F2B71}.Debug|x64.ActiveCfg = Debug|x64
		{B440CA9C-C468-4A10-98A0-FE8A4F7F2B71}.Debug|x64.Build.0 = Debug|x64
		{B440CA9C-C468-4A10-98A0-FE8A4F7F2B71}.Debug|x86.ActiveCfg = Debug|x64
		{B440CA9C-C468-4A10-98A0-FE8A4F7F2B71}.Release|x64.ActiveCfg = Release|x64
		{B440CA9C-C468-4A10-98A0-FE8A4F7F2B71}.Release|x64.Build.0 = Release|x64
		{B440CA9C-C468-4A10-98A0-FE8A4F7F2B71}.Release|x86.ActiveCfg = Release|x64
	EndGlobalSection
	GlobalSection(SolutionProperties) = preSolution
		HideSolutionNode = FALSE
	EndGlobalSection
	GlobalSection(NestedProjects) = preSolution
		{BA256BC1-D8B5-44AC-AA70-D4B1C95A7118} = {8FD9B5E2-D050-4179-9BC0-B66AFEE8E90B}
		{F09C116D-29F8-4A13-8625-F7CDDD115634} = {8FD9B5E2-D050-4179-9BC0-B66AFEE8E90B}
		{FE81B504-5366-4E37-8548-B9108EFF5713} = {8FD9B5E2-D050-4179-9BC0-B66AFEE8E90B}
		{98A44671-43F2-43DC-94E0-9884BFE92D55} = {0D029B6B-F940-4B58-88B1-5C951AD7300A}
		{BA21DEAE-8FEA-4A1D-B105-10CD5097D6C6} = {0D029B6B-F940-4B58-88B1-5C951AD7300A}
		{85E2B48A-701B-4B47-93BD-EB70F1F87C3D} = {D0A119EB-0413-47BA-9951-DA5D8F7A7C57}
		{FC795547-C0D5-4E16-AB1A-04DBEBFA5178} = {D0A119EB-0413-47BA-9951-DA5D8F7A7C57}
		{95B1C0D3-4367-421A-896B-E643A856907D} = {22C2D2AC-6876-4E88-9A9F-7D06379187B2}
		{B440CA9C-C468-4A10-98A0-FE8A4F7F2B71} = {22C2D2AC-6876-4E88-9A9F-7D06379187B2}
	EndGlobalSection
	GlobalSection(ExtensibilityGlobals) = postSolution
		SolutionGuid = {07F50F50-E6E2-4997-AC80-10E0C84C515C}
	EndGlobalSection
EndGlobal
