
Microsoft Visual Studio Solution File, Format Version 12.00
# Visual Studio Version 16
VisualStudioVersion = 16.0.31829.152
MinimumVisualStudioVersion = 10.0.40219.1
Project("{FAE04EC0-301F-11D3-BF4B-00C04F79EFBC}") = "ProxyRunner", "ProxyRunner\ProxyRunner.csproj", "{D8CFAD94-5349-495E-8D88-FB0FA26B82F3}"
EndProject
Project("{8BC9CEB8-8B4A-11D0-8D11-00A0C91BC942}") = "NxlAutoProtect", "NxlAutoProtect\NxlAutoProtect_vs2010.vcxproj", "{9356C27E-2C0E-479E-AC97-BCA4ECE3C010}"
	ProjectSection(ProjectDependencies) = postProject
		{198838E1-747C-4712-8B25-081B49E441E6} = {198838E1-747C-4712-8B25-081B49E441E6}
	EndProjectSection
EndProject
Project("{8BC9CEB8-8B4A-11D0-8D11-00A0C91BC942}") = "nxlrunner", "nxlrunner\nxlrunner_vs2010.vcxproj", "{1B9EF234-EB9B-4346-BAA4-815CADA90943}"
EndProject
Project("{8BC9CEB8-8B4A-11D0-8D11-00A0C91BC942}") = "NxlUtils", "NxlUtils\NxlUtils.vcxproj", "{198838E1-747C-4712-8B25-081B49E441E6}"
EndProject
Project("{8BC9CEB8-8B4A-11D0-8D11-00A0C91BC942}") = "NxlUtils.Test", "NxlUtils.Test\NxlUtils.Test.vcxproj", "{F797D718-5BBE-4E97-9263-44ACEC2528B8}"
	ProjectSection(ProjectDependencies) = postProject
		{198838E1-747C-4712-8B25-081B49E441E6} = {198838E1-747C-4712-8B25-081B49E441E6}
	EndProjectSection
EndProject
Project("{2150E333-8FDC-42A3-9474-1A3956D46DE8}") = "Utils", "Utils", "{EEF5992B-6ACA-493D-A6F5-AB874B765452}"
EndProject
Project("{2150E333-8FDC-42A3-9474-1A3956D46DE8}") = "Runners", "Runners", "{5DA57EC7-8AC9-40E5-BB0C-8F04BA44CCB5}"
EndProject
Project("{2150E333-8FDC-42A3-9474-1A3956D46DE8}") = "NX", "NX", "{6F21FF46-6274-4F8F-9C0F-F23444C0E574}"
EndProject
Project("{8BC9CEB8-8B4A-11D0-8D11-00A0C91BC942}") = "NxlAutoProtect.Tests", "NxlAutoProtect.Tests\NxlAutoProtect.Tests.vcxproj", "{E902DC85-3C8E-412A-93A3-C0DE99E929EC}"
	ProjectSection(ProjectDependencies) = postProject
		{9356C27E-2C0E-479E-AC97-BCA4ECE3C010} = {9356C27E-2C0E-479E-AC97-BCA4ECE3C010}
	EndProjectSection
EndProject
Project("{8BC9CEB8-8B4A-11D0-8D11-00A0C91BC942}") = "RPMUtils", "RPMUtils\RPMUtils.vcxproj", "{3898362B-A9E2-4BDA-AFFA-31999EFC24DA}"
	ProjectSection(ProjectDependencies) = postProject
		{198838E1-747C-4712-8B25-081B49E441E6} = {198838E1-747C-4712-8B25-081B49E441E6}
	EndProjectSection
EndProject
Project("{8BC9CEB8-8B4A-11D0-8D11-00A0C91BC942}") = "RPMUtils.Tests", "RPMUtils.Tests\RPMUtils.Tests.vcxproj", "{545132FF-7605-4270-A628-DECFC650E9EF}"
	ProjectSection(ProjectDependencies) = postProject
		{3898362B-A9E2-4BDA-AFFA-31999EFC24DA} = {3898362B-A9E2-4BDA-AFFA-31999EFC24DA}
	EndProjectSection
EndProject
Project("{FAE04EC0-301F-11D3-BF4B-00C04F79EFBC}") = "NxlHelper", "NxlHelper\NxlHelper.csproj", "{23F5D490-9880-4DCE-A4FA-A1B2A74BAC82}"
EndProject
Project("{8BC9CEB8-8B4A-11D0-8D11-00A0C91BC942}") = "NxlTcImportIntegration", "NxlTcImportIntegration\NxlTcImportIntegration.vcxproj", "{8A80F78D-48D5-4E51-9341-78AE7DD94336}"
	ProjectSection(ProjectDependencies) = postProject
		{198838E1-747C-4712-8B25-081B49E441E6} = {198838E1-747C-4712-8B25-081B49E441E6}
	EndProjectSection
EndProject
Project("{8BC9CEB8-8B4A-11D0-8D11-00A0C91BC942}") = "NxlSCFIntegration", "NxlSCFIntegration\NxlSCFIntegration.vcxproj", "{313B3612-C98F-4B08-ABFD-3C1FDD673D98}"
	ProjectSection(ProjectDependencies) = postProject
		{9356C27E-2C0E-479E-AC97-BCA4ECE3C010} = {9356C27E-2C0E-479E-AC97-BCA4ECE3C010}
	EndProjectSection
EndProject
Project("{2150E333-8FDC-42A3-9474-1A3956D46DE8}") = "tcserver", "tcserver", "{53379F35-E7B8-4722-B610-DB418E610016}"
EndProject
Project("{8BC9CEB8-8B4A-11D0-8D11-00A0C91BC942}") = "MiniRMX12", "NXIntegration\nx12\MiniRMX12.vcxproj", "{FC795547-C0D5-4E16-AB1A-04DBEBFA5178}"
EndProject
Project("{8BC9CEB8-8B4A-11D0-8D11-00A0C91BC942}") = "NXRMX12", "NXIntegration\nx12\NXRMX12.vcxproj", "{85E2B48A-701B-4B47-93BD-EB70F1F87C3D}"
EndProject
Project("{8BC9CEB8-8B4A-11D0-8D11-00A0C91BC942}") = "MiniRMX1980", "NXIntegration\nx1980\MiniRMX1980.vcxproj", "{BA21DEAE-8FEA-4A1D-B105-10CD5097D6C6}"
EndProject
Project("{8BC9CEB8-8B4A-11D0-8D11-00A0C91BC942}") = "NXRMX1980", "NXIntegration\nx1980\NXRMX1980.vcxproj", "{98A44671-43F2-43DC-94E0-9884BFE92D55}"
EndProject
Project("{8BC9CEB8-8B4A-11D0-8D11-00A0C91BC942}") = "MiniRMX2007", "NXIntegration\nx2007\MiniRMX2007.vcxproj", "{F09C116D-29F8-4A13-8625-F7CDDD115634}"
EndProject
Project("{8BC9CEB8-8B4A-11D0-8D11-00A0C91BC942}") = "NXDRMIntegration2007", "NXIntegration\nx2007\NXDRMIntegration2007.vcxproj", "{FE81B504-5366-4E37-8548-B9108EFF5713}"
EndProject
Project("{8BC9CEB8-8B4A-11D0-8D11-00A0C91BC942}") = "NXRMX2007", "NXIntegration\nx2007\NXRMX2007.vcxproj", "{BA256BC1-D8B5-44AC-AA70-D4B1C95A7118}"
EndProject
Project("{2150E333-8FDC-42A3-9474-1A3956D46DE8}") = "12", "12", "{D959DEAA-BF0F-4E8A-BF04-2D235994C6F5}"
EndProject
Project("{2150E333-8FDC-42A3-9474-1A3956D46DE8}") = "1980", "1980", "{C53384DD-2FB2-4880-A32E-8E451558A59D}"
EndProject
Project("{2150E333-8FDC-42A3-9474-1A3956D46DE8}") = "2007", "2007", "{830A0C2A-CC70-4D18-8C11-2AD5BC48E52C}"
EndProject
Project("{2150E333-8FDC-42A3-9474-1A3956D46DE8}") = "1953", "1953", "{F58A9666-15BB-4B3E-A7C6-13245B6B9DC4}"
EndProject
Project("{8BC9CEB8-8B4A-11D0-8D11-00A0C91BC942}") = "NXRMX1953", "NXIntegration\nx1953\NXRMX1953.vcxproj", "{B440CA9C-C468-4A10-98A0-FE8A4F7F2B71}"
EndProject
Project("{8BC9CEB8-8B4A-11D0-8D11-00A0C91BC942}") = "MiniRMX1953", "NXIntegration\nx1953\MiniRMX1953.vcxproj", "{95B1C0D3-4367-421A-896B-E643A856907D}"
EndProject
Global
	GlobalSection(SolutionConfigurationPlatforms) = preSolution
		Debug|Win32 = Debug|Win32
		Debug|x64 = Debug|x64
		Release|Win32 = Release|Win32
		Release|x64 = Release|x64
	EndGlobalSection
	GlobalSection(ProjectConfigurationPlatforms) = postSolution
		{D8CFAD94-5349-495E-8D88-FB0FA26B82F3}.Debug|Win32.ActiveCfg = Debug|x86
		{D8CFAD94-5349-495E-8D88-FB0FA26B82F3}.Debug|Win32.Build.0 = Debug|x86
		{D8CFAD94-5349-495E-8D88-FB0FA26B82F3}.Debug|x64.ActiveCfg = Debug|x64
		{D8CFAD94-5349-495E-8D88-FB0FA26B82F3}.Debug|x64.Build.0 = Debug|x64
		{D8CFAD94-5349-495E-8D88-FB0FA26B82F3}.Release|Win32.ActiveCfg = Release|x86
		{D8CFAD94-5349-495E-8D88-FB0FA26B82F3}.Release|x64.ActiveCfg = Release|x64
		{D8CFAD94-5349-495E-8D88-FB0FA26B82F3}.Release|x64.Build.0 = Release|x64
		{9356C27E-2C0E-479E-AC97-BCA4ECE3C010}.Debug|Win32.ActiveCfg = Debug|x64
		{9356C27E-2C0E-479E-AC97-BCA4ECE3C010}.Debug|x64.ActiveCfg = Debug|x64
		{9356C27E-2C0E-479E-AC97-BCA4ECE3C010}.Debug|x64.Build.0 = Debug|x64
		{9356C27E-2C0E-479E-AC97-BCA4ECE3C010}.Release|Win32.ActiveCfg = Release|x64
		{9356C27E-2C0E-479E-AC97-BCA4ECE3C010}.Release|x64.ActiveCfg = Release|x64
		{9356C27E-2C0E-479E-AC97-BCA4ECE3C010}.Release|x64.Build.0 = Release|x64
		{1B9EF234-EB9B-4346-BAA4-815CADA90943}.Debug|Win32.ActiveCfg = Debug|Win32
		{1B9EF234-EB9B-4346-BAA4-815CADA90943}.Debug|Win32.Build.0 = Debug|Win32
		{1B9EF234-EB9B-4346-BAA4-815CADA90943}.Debug|x64.ActiveCfg = Debug|Win32
		{1B9EF234-EB9B-4346-BAA4-815CADA90943}.Release|Win32.ActiveCfg = Release|Win32
		{1B9EF234-EB9B-4346-BAA4-815CADA90943}.Release|Win32.Build.0 = Release|Win32
		{1B9EF234-EB9B-4346-BAA4-815CADA90943}.Release|x64.ActiveCfg = Release|Win32
		{1B9EF234-EB9B-4346-BAA4-815CADA90943}.Release|x64.Build.0 = Release|Win32
		{198838E1-747C-4712-8B25-081B49E441E6}.Debug|Win32.ActiveCfg = Debug|Win32
		{198838E1-747C-4712-8B25-081B49E441E6}.Debug|Win32.Build.0 = Debug|Win32
		{198838E1-747C-4712-8B25-081B49E441E6}.Debug|x64.ActiveCfg = Debug|x64
		{198838E1-747C-4712-8B25-081B49E441E6}.Debug|x64.Build.0 = Debug|x64
		{198838E1-747C-4712-8B25-081B49E441E6}.Release|Win32.ActiveCfg = Release|Win32
		{198838E1-747C-4712-8B25-081B49E441E6}.Release|Win32.Build.0 = Release|Win32
		{198838E1-747C-4712-8B25-081B49E441E6}.Release|x64.ActiveCfg = Release|x64
		{198838E1-747C-4712-8B25-081B49E441E6}.Release|x64.Build.0 = Release|x64
		{F797D718-5BBE-4E97-9263-44ACEC2528B8}.Debug|Win32.ActiveCfg = Debug|Win32
		{F797D718-5BBE-4E97-9263-44ACEC2528B8}.Debug|Win32.Build.0 = Debug|Win32
		{F797D718-5BBE-4E97-9263-44ACEC2528B8}.Debug|x64.ActiveCfg = Debug|x64
		{F797D718-5BBE-4E97-9263-44ACEC2528B8}.Debug|x64.Build.0 = Debug|x64
		{F797D718-5BBE-4E97-9263-44ACEC2528B8}.Release|Win32.ActiveCfg = Release|Win32
		{F797D718-5BBE-4E97-9263-44ACEC2528B8}.Release|x64.ActiveCfg = Release|x64
		{E902DC85-3C8E-412A-93A3-C0DE99E929EC}.Debug|Win32.ActiveCfg = Debug|x64
		{E902DC85-3C8E-412A-93A3-C0DE99E929EC}.Debug|x64.ActiveCfg = Debug|x64
		{E902DC85-3C8E-412A-93A3-C0DE99E929EC}.Debug|x64.Build.0 = Debug|x64
		{E902DC85-3C8E-412A-93A3-C0DE99E929EC}.Release|Win32.ActiveCfg = Release|x64
		{E902DC85-3C8E-412A-93A3-C0DE99E929EC}.Release|x64.ActiveCfg = Release|x64
		{3898362B-A9E2-4BDA-AFFA-31999EFC24DA}.Debug|Win32.ActiveCfg = Debug|Win32
		{3898362B-A9E2-4BDA-AFFA-31999EFC24DA}.Debug|Win32.Build.0 = Debug|Win32
		{3898362B-A9E2-4BDA-AFFA-31999EFC24DA}.Debug|x64.ActiveCfg = Debug|x64
		{3898362B-A9E2-4BDA-AFFA-31999EFC24DA}.Debug|x64.Build.0 = Debug|x64
		{3898362B-A9E2-4BDA-AFFA-31999EFC24DA}.Release|Win32.ActiveCfg = Release|Win32
		{3898362B-A9E2-4BDA-AFFA-31999EFC24DA}.Release|Win32.Build.0 = Release|Win32
		{3898362B-A9E2-4BDA-AFFA-31999EFC24DA}.Release|x64.ActiveCfg = Release|x64
		{3898362B-A9E2-4BDA-AFFA-31999EFC24DA}.Release|x64.Build.0 = Release|x64
		{545132FF-7605-4270-A628-DECFC650E9EF}.Debug|Win32.ActiveCfg = Debug|Win32
		{545132FF-7605-4270-A628-DECFC650E9EF}.Debug|Win32.Build.0 = Debug|Win32
		{545132FF-7605-4270-A628-DECFC650E9EF}.Debug|x64.ActiveCfg = Debug|x64
		{545132FF-7605-4270-A628-DECFC650E9EF}.Debug|x64.Build.0 = Debug|x64
		{545132FF-7605-4270-A628-DECFC650E9EF}.Release|Win32.ActiveCfg = Release|Win32
		{545132FF-7605-4270-A628-DECFC650E9EF}.Release|Win32.Build.0 = Release|Win32
		{545132FF-7605-4270-A628-DECFC650E9EF}.Release|x64.ActiveCfg = Release|x64
		{23F5D490-9880-4DCE-A4FA-A1B2A74BAC82}.Debug|Win32.ActiveCfg = Debug|x64
		{23F5D490-9880-4DCE-A4FA-A1B2A74BAC82}.Debug|x64.ActiveCfg = Debug|x64
		{23F5D490-9880-4DCE-A4FA-A1B2A74BAC82}.Debug|x64.Build.0 = Debug|x64
		{23F5D490-9880-4DCE-A4FA-A1B2A74BAC82}.Release|Win32.ActiveCfg = Release|x64
		{23F5D490-9880-4DCE-A4FA-A1B2A74BAC82}.Release|x64.ActiveCfg = Release|x64
		{23F5D490-9880-4DCE-A4FA-A1B2A74BAC82}.Release|x64.Build.0 = Release|x64
		{8A80F78D-48D5-4E51-9341-78AE7DD94336}.Debug|Win32.ActiveCfg = Debug|x64
		{8A80F78D-48D5-4E51-9341-78AE7DD94336}.Debug|x64.ActiveCfg = Debug|x64
		{8A80F78D-48D5-4E51-9341-78AE7DD94336}.Debug|x64.Build.0 = Debug|x64
		{8A80F78D-48D5-4E51-9341-78AE7DD94336}.Release|Win32.ActiveCfg = Release|x64
		{8A80F78D-48D5-4E51-9341-78AE7DD94336}.Release|x64.ActiveCfg = Release|x64
		{8A80F78D-48D5-4E51-9341-78AE7DD94336}.Release|x64.Build.0 = Release|x64
		{313B3612-C98F-4B08-ABFD-3C1FDD673D98}.Debug|Win32.ActiveCfg = Debug|x64
		{313B3612-C98F-4B08-ABFD-3C1FDD673D98}.Debug|x64.ActiveCfg = Debug|x64
		{313B3612-C98F-4B08-ABFD-3C1FDD673D98}.Debug|x64.Build.0 = Debug|x64
		{313B3612-C98F-4B08-ABFD-3C1FDD673D98}.Release|Win32.ActiveCfg = Release|x64
		{313B3612-C98F-4B08-ABFD-3C1FDD673D98}.Release|x64.ActiveCfg = Release|x64
		{313B3612-C98F-4B08-ABFD-3C1FDD673D98}.Release|x64.Build.0 = Release|x64
		{FC795547-C0D5-4E16-AB1A-04DBEBFA5178}.Debug|Win32.ActiveCfg = Debug|x64
		{FC795547-C0D5-4E16-AB1A-04DBEBFA5178}.Debug|x64.ActiveCfg = Debug|x64
		{FC795547-C0D5-4E16-AB1A-04DBEBFA5178}.Debug|x64.Build.0 = Debug|x64
		{FC795547-C0D5-4E16-AB1A-04DBEBFA5178}.Release|Win32.ActiveCfg = Release|x64
		{FC795547-C0D5-4E16-AB1A-04DBEBFA5178}.Release|x64.ActiveCfg = Release|x64
		{FC795547-C0D5-4E16-AB1A-04DBEBFA5178}.Release|x64.Build.0 = Release|x64
		{85E2B48A-701B-4B47-93BD-EB70F1F87C3D}.Debug|Win32.ActiveCfg = Debug|x64
		{85E2B48A-701B-4B47-93BD-EB70F1F87C3D}.Debug|x64.ActiveCfg = Debug|x64
		{85E2B48A-701B-4B47-93BD-EB70F1F87C3D}.Debug|x64.Build.0 = Debug|x64
		{85E2B48A-701B-4B47-93BD-EB70F1F87C3D}.Release|Win32.ActiveCfg = Release|x64
		{85E2B48A-701B-4B47-93BD-EB70F1F87C3D}.Release|x64.ActiveCfg = Release|x64
		{85E2B48A-701B-4B47-93BD-EB70F1F87C3D}.Release|x64.Build.0 = Release|x64
		{BA21DEAE-8FEA-4A1D-B105-10CD5097D6C6}.Debug|Win32.ActiveCfg = Debug|x64
		{BA21DEAE-8FEA-4A1D-B105-10CD5097D6C6}.Debug|x64.ActiveCfg = Debug|x64
		{BA21DEAE-8FEA-4A1D-B105-10CD5097D6C6}.Debug|x64.Build.0 = Debug|x64
		{BA21DEAE-8FEA-4A1D-B105-10CD5097D6C6}.Release|Win32.ActiveCfg = Release|x64
		{BA21DEAE-8FEA-4A1D-B105-10CD5097D6C6}.Release|x64.ActiveCfg = Release|x64
		{BA21DEAE-8FEA-4A1D-B105-10CD5097D6C6}.Release|x64.Build.0 = Release|x64
		{98A44671-43F2-43DC-94E0-9884BFE92D55}.Debug|Win32.ActiveCfg = Debug|x64
		{98A44671-43F2-43DC-94E0-9884BFE92D55}.Debug|x64.ActiveCfg = Debug|x64
		{98A44671-43F2-43DC-94E0-9884BFE92D55}.Debug|x64.Build.0 = Debug|x64
		{98A44671-43F2-43DC-94E0-9884BFE92D55}.Release|Win32.ActiveCfg = Release|x64
		{98A44671-43F2-43DC-94E0-9884BFE92D55}.Release|x64.ActiveCfg = Release|x64
		{98A44671-43F2-43DC-94E0-9884BFE92D55}.Release|x64.Build.0 = Release|x64
		{F09C116D-29F8-4A13-8625-F7CDDD115634}.Debug|Win32.ActiveCfg = Debug|x64
		{F09C116D-29F8-4A13-8625-F7CDDD115634}.Debug|x64.ActiveCfg = Debug|x64
		{F09C116D-29F8-4A13-8625-F7CDDD115634}.Debug|x64.Build.0 = Debug|x64
		{F09C116D-29F8-4A13-8625-F7CDDD115634}.Release|Win32.ActiveCfg = Release|x64
		{F09C116D-29F8-4A13-8625-F7CDDD115634}.Release|x64.ActiveCfg = Release|x64
		{F09C116D-29F8-4A13-8625-F7CDDD115634}.Release|x64.Build.0 = Release|x64
		{FE81B504-5366-4E37-8548-B9108EFF5713}.Debug|Win32.ActiveCfg = Debug|x64
		{FE81B504-5366-4E37-8548-B9108EFF5713}.Debug|x64.ActiveCfg = Debug|x64
		{FE81B504-5366-4E37-8548-B9108EFF5713}.Debug|x64.Build.0 = Debug|x64
		{FE81B504-5366-4E37-8548-B9108EFF5713}.Release|Win32.ActiveCfg = Release|x64
		{FE81B504-5366-4E37-8548-B9108EFF5713}.Release|x64.ActiveCfg = Release|x64
		{FE81B504-5366-4E37-8548-B9108EFF5713}.Release|x64.Build.0 = Release|x64
		{BA256BC1-D8B5-44AC-AA70-D4B1C95A7118}.Debug|Win32.ActiveCfg = Debug|x64
		{BA256BC1-D8B5-44AC-AA70-D4B1C95A7118}.Debug|x64.ActiveCfg = Debug|x64
		{BA256BC1-D8B5-44AC-AA70-D4B1C95A7118}.Debug|x64.Build.0 = Debug|x64
		{BA256BC1-D8B5-44AC-AA70-D4B1C95A7118}.Release|Win32.ActiveCfg = Release|x64
		{BA256BC1-D8B5-44AC-AA70-D4B1C95A7118}.Release|x64.ActiveCfg = Release|x64
		{BA256BC1-D8B5-44AC-AA70-D4B1C95A7118}.Release|x64.Build.0 = Release|x64
		{B440CA9C-C468-4A10-98A0-FE8A4F7F2B71}.Debug|Win32.ActiveCfg = Debug|x64
		{B440CA9C-C468-4A10-98A0-FE8A4F7F2B71}.Debug|x64.ActiveCfg = Debug|x64
		{B440CA9C-C468-4A10-98A0-FE8A4F7F2B71}.Debug|x64.Build.0 = Debug|x64
		{B440CA9C-C468-4A10-98A0-FE8A4F7F2B71}.Release|Win32.ActiveCfg = Release|x64
		{B440CA9C-C468-4A10-98A0-FE8A4F7F2B71}.Release|x64.ActiveCfg = Release|x64
		{B440CA9C-C468-4A10-98A0-FE8A4F7F2B71}.Release|x64.Build.0 = Release|x64
		{95B1C0D3-4367-421A-896B-E643A856907D}.Debug|Win32.ActiveCfg = Debug|x64
		{95B1C0D3-4367-421A-896B-E643A856907D}.Debug|x64.ActiveCfg = Debug|x64
		{95B1C0D3-4367-421A-896B-E643A856907D}.Debug|x64.Build.0 = Debug|x64
		{95B1C0D3-4367-421A-896B-E643A856907D}.Release|Win32.ActiveCfg = Release|x64
		{95B1C0D3-4367-421A-896B-E643A856907D}.Release|x64.ActiveCfg = Release|x64
		{95B1C0D3-4367-421A-896B-E643A856907D}.Release|x64.Build.0 = Release|x64
	EndGlobalSection
	GlobalSection(SolutionProperties) = preSolution
		HideSolutionNode = FALSE
	EndGlobalSection
	GlobalSection(NestedProjects) = preSolution
		{D8CFAD94-5349-495E-8D88-FB0FA26B82F3} = {5DA57EC7-8AC9-40E5-BB0C-8F04BA44CCB5}
		{9356C27E-2C0E-479E-AC97-BCA4ECE3C010} = {53379F35-E7B8-4722-B610-DB418E610016}
		{1B9EF234-EB9B-4346-BAA4-815CADA90943} = {5DA57EC7-8AC9-40E5-BB0C-8F04BA44CCB5}
		{198838E1-747C-4712-8B25-081B49E441E6} = {EEF5992B-6ACA-493D-A6F5-AB874B765452}
		{F797D718-5BBE-4E97-9263-44ACEC2528B8} = {EEF5992B-6ACA-493D-A6F5-AB874B765452}
		{E902DC85-3C8E-412A-93A3-C0DE99E929EC} = {53379F35-E7B8-4722-B610-DB418E610016}
		{3898362B-A9E2-4BDA-AFFA-31999EFC24DA} = {EEF5992B-6ACA-493D-A6F5-AB874B765452}
		{545132FF-7605-4270-A628-DECFC650E9EF} = {EEF5992B-6ACA-493D-A6F5-AB874B765452}
		{23F5D490-9880-4DCE-A4FA-A1B2A74BAC82} = {EEF5992B-6ACA-493D-A6F5-AB874B765452}
		{8A80F78D-48D5-4E51-9341-78AE7DD94336} = {6F21FF46-6274-4F8F-9C0F-F23444C0E574}
		{313B3612-C98F-4B08-ABFD-3C1FDD673D98} = {53379F35-E7B8-4722-B610-DB418E610016}
		{FC795547-C0D5-4E16-AB1A-04DBEBFA5178} = {D959DEAA-BF0F-4E8A-BF04-2D235994C6F5}
		{85E2B48A-701B-4B47-93BD-EB70F1F87C3D} = {D959DEAA-BF0F-4E8A-BF04-2D235994C6F5}
		{BA21DEAE-8FEA-4A1D-B105-10CD5097D6C6} = {C53384DD-2FB2-4880-A32E-8E451558A59D}
		{98A44671-43F2-43DC-94E0-9884BFE92D55} = {C53384DD-2FB2-4880-A32E-8E451558A59D}
		{F09C116D-29F8-4A13-8625-F7CDDD115634} = {830A0C2A-CC70-4D18-8C11-2AD5BC48E52C}
		{FE81B504-5366-4E37-8548-B9108EFF5713} = {830A0C2A-CC70-4D18-8C11-2AD5BC48E52C}
		{BA256BC1-D8B5-44AC-AA70-D4B1C95A7118} = {830A0C2A-CC70-4D18-8C11-2AD5BC48E52C}
		{D959DEAA-BF0F-4E8A-BF04-2D235994C6F5} = {6F21FF46-6274-4F8F-9C0F-F23444C0E574}
		{C53384DD-2FB2-4880-A32E-8E451558A59D} = {6F21FF46-6274-4F8F-9C0F-F23444C0E574}
		{830A0C2A-CC70-4D18-8C11-2AD5BC48E52C} = {6F21FF46-6274-4F8F-9C0F-F23444C0E574}
		{F58A9666-15BB-4B3E-A7C6-13245B6B9DC4} = {6F21FF46-6274-4F8F-9C0F-F23444C0E574}
		{B440CA9C-C468-4A10-98A0-FE8A4F7F2B71} = {F58A9666-15BB-4B3E-A7C6-13245B6B9DC4}
		{95B1C0D3-4367-421A-896B-E643A856907D} = {F58A9666-15BB-4B3E-A7C6-13245B6B9DC4}
	EndGlobalSection
	GlobalSection(ExtensibilityGlobals) = postSolution
		SolutionGuid = {7C543D93-A5DB-43FD-B9F7-B254920E55F7}
	EndGlobalSection
EndGlobal
