<?xml version="1.0" encoding="utf-8"?>
<Project ToolsVersion="4.0" xmlns="http://schemas.microsoft.com/developer/msbuild/2003">
  <ItemGroup>
    <Filter Include="Source Files">
      <UniqueIdentifier>{4FC737F1-C7A5-4376-A066-2A32D752A2FF}</UniqueIdentifier>
      <Extensions>cpp;c;cc;cxx;def;odl;idl;hpj;bat;asm;asmx</Extensions>
    </Filter>
    <Filter Include="Header Files">
      <UniqueIdentifier>{93995380-89BD-4b04-88EB-625FBE52EBFB}</UniqueIdentifier>
      <Extensions>h;hh;hpp;hxx;hm;inl;inc;xsd</Extensions>
    </Filter>
    <Filter Include="Resource Files">
      <UniqueIdentifier>{67DA6AB6-F800-4c08-8B7A-83BB121AAD01}</UniqueIdentifier>
      <Extensions>rc;ico;cur;bmp;dlg;rc2;rct;bin;rgs;gif;jpg;jpeg;jpe;resx;tiff;tif;png;wav;mfcribbon-ms</Extensions>
    </Filter>
  </ItemGroup>
  <ItemGroup>
    <Text Include="ReadMe.txt" />
  </ItemGroup>
  <ItemGroup>
    <ClInclude Include="targetver.h">
      <Filter>Header Files</Filter>
    </ClInclude>
    <ClInclude Include="RMXMgr.h">
      <Filter>Header Files</Filter>
    </ClInclude>
    <ClInclude Include="..\common\CommonTypes.h">
      <Filter>Header Files</Filter>
    </ClInclude>
    <ClInclude Include="LibRMX.h">
      <Filter>Header Files</Filter>
    </ClInclude>
    <ClInclude Include="resource.h">
      <Filter>Header Files</Filter>
    </ClInclude>
    <ClInclude Include="RMXTypes.h">
      <Filter>Header Files</Filter>
    </ClInclude>
    <ClInclude Include="RMXNxlFile.h">
      <Filter>Header Files</Filter>
    </ClInclude>
    <ClInclude Include="RMXInstance.h">
      <Filter>Header Files</Filter>
    </ClInclude>
    <ClInclude Include="RMXResult.h">
      <Filter>Header Files</Filter>
    </ClInclude>
    <ClInclude Include="..\..\CADRMXCommon\RMXTagHlp.h">
      <Filter>Header Files</Filter>
    </ClInclude>
    <ClInclude Include="..\..\CADRMXCommon\RMXUtils.h">
      <Filter>Header Files</Filter>
    </ClInclude>
    <ClInclude Include="..\..\CADRMXCommon\SysErrorMessage.h">
      <Filter>Header Files</Filter>
    </ClInclude>
    <ClInclude Include="..\..\CADRMXCommon\PathEx.h">
      <Filter>Header Files</Filter>
    </ClInclude>
    <ClInclude Include="..\common\CreoRMXLogger.h">
      <Filter>Header Files</Filter>
    </ClInclude>
    <ClInclude Include="..\..\CADRMXCommon\RMXViewOverlay.h">
      <Filter>Header Files</Filter>
    </ClInclude>
    <ClInclude Include="..\..\CADRMXCommon\CADRMXTypeDef.h">
      <Filter>Header Files</Filter>
    </ClInclude>
    <ClInclude Include="..\..\CADRMXCommon\RPMCommonDialogWrapper.hpp">
      <Filter>Header Files</Filter>
    </ClInclude>
  </ItemGroup>
  <ItemGroup>
    <ClCompile Include="dllmain.cpp">
      <Filter>Source Files</Filter>
    </ClCompile>
    <ClCompile Include="RMXMgr.cpp">
      <Filter>Source Files</Filter>
    </ClCompile>
    <ClCompile Include="LibRMX.cpp">
      <Filter>Source Files</Filter>
    </ClCompile>
    <ClCompile Include="RMXNxlFile.cpp">
      <Filter>Source Files</Filter>
    </ClCompile>
    <ClCompile Include="RMXInstance.cpp">
      <Filter>Source Files</Filter>
    </ClCompile>
    <ClCompile Include="RMXResult.cpp">
      <Filter>Source Files</Filter>
    </ClCompile>
    <ClCompile Include="..\..\CADRMXCommon\RMXUtils.cpp">
      <Filter>Source Files</Filter>
    </ClCompile>
    <ClCompile Include="..\..\CADRMXCommon\PathEx.cpp">
      <Filter>Source Files</Filter>
    </ClCompile>
    <ClCompile Include="..\..\CADRMXCommon\RMXViewOverlay.cpp">
      <Filter>Source Files</Filter>
    </ClCompile>
    <ClCompile Include="..\..\CADRMXCommon\RMXTagHlp.cpp">
      <Filter>Source Files</Filter>
    </ClCompile>
  </ItemGroup>
  <ItemGroup>
    <None Include="..\common\log4cplus.properties" />
  </ItemGroup>
  <ItemGroup>
    <ResourceCompile Include="versioninfo.rc">
      <Filter>Resource Files</Filter>
    </ResourceCompile>
  </ItemGroup>
</Project>